
Microsoft Visual Studio Solution File, Format Version 12.00
# Visual Studio 15
VisualStudioVersion = 15.0.26206.0
MinimumVisualStudioVersion = 10.0.40219.1
Project("{FAE04EC0-301F-11D3-BF4B-00C04F79EFBC}") = "AutoDJ", "AutoDJ\AutoDJ.csproj", "{5BF73370-88E8-4C83-9329-475CA4BADED2}"
EndProject
Project("{D954291E-2A0B-460D-934E-DC6B0785DB48}") = "AutoDJ_App", "AutoDJ_App\AutoDJ_App\AutoDJ_App.shproj", "{F30A0742-74A7-4501-BBCF-E2ACAB2FBA34}"
EndProject
Project("{FAE04EC0-301F-11D3-BF4B-00C04F79EFBC}") = "AutoDJ_App.Droid", "AutoDJ_App\AutoDJ_App.Droid\AutoDJ_App.Droid.csproj", "{E83F994C-CEB5-48F4-8433-0E9224CC9306}"
EndProject
Project("{FAE04EC0-301F-11D3-BF4B-00C04F79EFBC}") = "AutoDJ_App.iOS", "AutoDJ_App\AutoDJ_App.iOS\AutoDJ_App.iOS.csproj", "{1CCEFB72-8604-4307-875F-93BB9F98BB5B}"
EndProject
Global
	GlobalSection(SharedMSBuildProjectFiles) = preSolution
		AutoDJ_App\AutoDJ_App\AutoDJ_App.projitems*{1ccefb72-8604-4307-875f-93bb9f98bb5b}*SharedItemsImports = 4
		AutoDJ_App\AutoDJ_App\AutoDJ_App.projitems*{e83f994c-ceb5-48f4-8433-0e9224cc9306}*SharedItemsImports = 4
		AutoDJ_App\AutoDJ_App\AutoDJ_App.projitems*{f30a0742-74a7-4501-bbcf-e2acab2fba34}*SharedItemsImports = 13
	EndGlobalSection
	GlobalSection(SolutionConfigurationPlatforms) = preSolution
		Ad-Hoc|Any CPU = Ad-Hoc|Any CPU
		Ad-Hoc|iPhone = Ad-Hoc|iPhone
		Ad-Hoc|iPhoneSimulator = Ad-Hoc|iPhoneSimulator
		AppStore|Any CPU = AppStore|Any CPU
		AppStore|iPhone = AppStore|iPhone
		AppStore|iPhoneSimulator = AppStore|iPhoneSimulator
		Debug|Any CPU = Debug|Any CPU
		Debug|iPhone = Debug|iPhone
		Debug|iPhoneSimulator = Debug|iPhoneSimulator
		Release|Any CPU = Release|Any CPU
		Release|iPhone = Release|iPhone
		Release|iPhoneSimulator = Release|iPhoneSimulator
	EndGlobalSection
	GlobalSection(ProjectConfigurationPlatforms) = postSolution
		{5BF73370-88E8-4C83-9329-475CA4BADED2}.Ad-Hoc|Any CPU.ActiveCfg = Release|Any CPU
		{5BF73370-88E8-4C83-9329-475CA4BADED2}.Ad-Hoc|Any CPU.Build.0 = Release|Any CPU
		{5BF73370-88E8-4C83-9329-475CA4BADED2}.Ad-Hoc|iPhone.ActiveCfg = Release|Any CPU
		{5BF73370-88E8-4C83-9329-475CA4BADED2}.Ad-Hoc|iPhone.Build.0 = Release|Any CPU
		{5BF73370-88E8-4C83-9329-475CA4BADED2}.Ad-Hoc|iPhoneSimulator.ActiveCfg = Release|Any CPU
		{5BF73370-88E8-4C83-9329-475CA4BADED2}.Ad-Hoc|iPhoneSimulator.Build.0 = Release|Any CPU
		{5BF73370-88E8-4C83-9329-475CA4BADED2}.AppStore|Any CPU.ActiveCfg = Release|Any CPU
		{5BF73370-88E8-4C83-9329-475CA4BADED2}.AppStore|Any CPU.Build.0 = Release|Any CPU
		{5BF73370-88E8-4C83-9329-475CA4BADED2}.AppStore|iPhone.ActiveCfg = Release|Any CPU
		{5BF73370-88E8-4C83-9329-475CA4BADED2}.AppStore|iPhone.Build.0 = Release|Any CPU
		{5BF73370-88E8-4C83-9329-475CA4BADED2}.AppStore|iPhoneSimulator.ActiveCfg = Release|Any CPU
		{5BF73370-88E8-4C83-9329-475CA4BADED2}.AppStore|iPhoneSimulator.Build.0 = Release|Any CPU
		{5BF73370-88E8-4C83-9329-475CA4BADED2}.Debug|Any CPU.ActiveCfg = Debug|Any CPU
		{5BF73370-88E8-4C83-9329-475CA4BADED2}.Debug|Any CPU.Build.0 = Debug|Any CPU
		{5BF73370-88E8-4C83-9329-475CA4BADED2}.Debug|iPhone.ActiveCfg = Debug|Any CPU
		{5BF73370-88E8-4C83-9329-475CA4BADED2}.Debug|iPhone.Build.0 = Debug|Any CPU
		{5BF73370-88E8-4C83-9329-475CA4BADED2}.Debug|iPhoneSimulator.ActiveCfg = Debug|Any CPU
		{5BF73370-88E8-4C83-9329-475CA4BADED2}.Debug|iPhoneSimulator.Build.0 = Debug|Any CPU
		{5BF73370-88E8-4C83-9329-475CA4BADED2}.Release|Any CPU.ActiveCfg = Release|Any CPU
		{5BF73370-88E8-4C83-9329-475CA4BADED2}.Release|Any CPU.Build.0 = Release|Any CPU
		{5BF73370-88E8-4C83-9329-475CA4BADED2}.Release|iPhone.ActiveCfg = Release|Any CPU
		{5BF73370-88E8-4C83-9329-475CA4BADED2}.Release|iPhone.Build.0 = Release|Any CPU
		{5BF73370-88E8-4C83-9329-475CA4BADED2}.Release|iPhoneSimulator.ActiveCfg = Release|Any CPU
		{5BF73370-88E8-4C83-9329-475CA4BADED2}.Release|iPhoneSimulator.Build.0 = Release|Any CPU
		{E83F994C-CEB5-48F4-8433-0E9224CC9306}.Ad-Hoc|Any CPU.ActiveCfg = Release|Any CPU
		{E83F994C-CEB5-48F4-8433-0E9224CC9306}.Ad-Hoc|Any CPU.Build.0 = Release|Any CPU
		{E83F994C-CEB5-48F4-8433-0E9224CC9306}.Ad-Hoc|Any CPU.Deploy.0 = Release|Any CPU
		{E83F994C-CEB5-48F4-8433-0E9224CC9306}.Ad-Hoc|iPhone.ActiveCfg = Release|Any CPU
		{E83F994C-CEB5-48F4-8433-0E9224CC9306}.Ad-Hoc|iPhone.Build.0 = Release|Any CPU
		{E83F994C-CEB5-48F4-8433-0E9224CC9306}.Ad-Hoc|iPhone.Deploy.0 = Release|Any CPU
		{E83F994C-CEB5-48F4-8433-0E9224CC9306}.Ad-Hoc|iPhoneSimulator.ActiveCfg = Release|Any CPU
		{E83F994C-CEB5-48F4-8433-0E9224CC9306}.Ad-Hoc|iPhoneSimulator.Build.0 = Release|Any CPU
		{E83F994C-CEB5-48F4-8433-0E9224CC9306}.Ad-Hoc|iPhoneSimulator.Deploy.0 = Release|Any CPU
		{E83F994C-CEB5-48F4-8433-0E9224CC9306}.AppStore|Any CPU.ActiveCfg = Release|Any CPU
		{E83F994C-CEB5-48F4-8433-0E9224CC9306}.AppStore|Any CPU.Build.0 = Release|Any CPU
		{E83F994C-CEB5-48F4-8433-0E9224CC9306}.AppStore|Any CPU.Deploy.0 = Release|Any CPU
		{E83F994C-CEB5-48F4-8433-0E9224CC9306}.AppStore|iPhone.ActiveCfg = Release|Any CPU
		{E83F994C-CEB5-48F4-8433-0E9224CC9306}.AppStore|iPhone.Build.0 = Release|Any CPU
		{E83F994C-CEB5-48F4-8433-0E9224CC9306}.AppStore|iPhone.Deploy.0 = Release|Any CPU
		{E83F994C-CEB5-48F4-8433-0E9224CC9306}.AppStore|iPhoneSimulator.ActiveCfg = Release|Any CPU
		{E83F994C-CEB5-48F4-8433-0E9224CC9306}.AppStore|iPhoneSimulator.Build.0 = Release|Any CPU
		{E83F994C-CEB5-48F4-8433-0E9224CC9306}.AppStore|iPhoneSimulator.Deploy.0 = Release|Any CPU
		{E83F994C-CEB5-48F4-8433-0E9224CC9306}.Debug|Any CPU.ActiveCfg = Debug|Any CPU
		{E83F994C-CEB5-48F4-8433-0E9224CC9306}.Debug|Any CPU.Build.0 = Debug|Any CPU
		{E83F994C-CEB5-48F4-8433-0E9224CC9306}.Debug|Any CPU.Deploy.0 = Debug|Any CPU
		{E83F994C-CEB5-48F4-8433-0E9224CC9306}.Debug|iPhone.ActiveCfg = Debug|Any CPU
		{E83F994C-CEB5-48F4-8433-0E9224CC9306}.Debug|iPhone.Build.0 = Debug|Any CPU
		{E83F994C-CEB5-48F4-8433-0E9224CC9306}.Debug|iPhone.Deploy.0 = Debug|Any CPU
		{E83F994C-CEB5-48F4-8433-0E9224CC9306}.Debug|iPhoneSimulator.ActiveCfg = Debug|Any CPU
		{E83F994C-CEB5-48F4-8433-0E9224CC9306}.Debug|iPhoneSimulator.Build.0 = Debug|Any CPU
		{E83F994C-CEB5-48F4-8433-0E9224CC9306}.Debug|iPhoneSimulator.Deploy.0 = Debug|Any CPU
		{E83F994C-CEB5-48F4-8433-0E9224CC9306}.Release|Any CPU.ActiveCfg = Release|Any CPU
		{E83F994C-CEB5-48F4-8433-0E9224CC9306}.Release|Any CPU.Build.0 = Release|Any CPU
		{E83F994C-CEB5-48F4-8433-0E9224CC9306}.Release|Any CPU.Deploy.0 = Release|Any CPU
		{E83F994C-CEB5-48F4-8433-0E9224CC9306}.Release|iPhone.ActiveCfg = Release|Any CPU
		{E83F994C-CEB5-48F4-8433-0E9224CC9306}.Release|iPhone.Build.0 = Release|Any CPU
		{E83F994C-CEB5-48F4-8433-0E9224CC9306}.Release|iPhone.Deploy.0 = Release|Any CPU
		{E83F994C-CEB5-48F4-8433-0E9224CC9306}.Release|iPhoneSimulator.ActiveCfg = Release|Any CPU
		{E83F994C-CEB5-48F4-8433-0E9224CC9306}.Release|iPhoneSimulator.Build.0 = Release|Any CPU
		{E83F994C-CEB5-48F4-8433-0E9224CC9306}.Release|iPhoneSimulator.Deploy.0 = Release|Any CPU
		{1CCEFB72-8604-4307-875F-93BB9F98BB5B}.Ad-Hoc|Any CPU.ActiveCfg = Ad-Hoc|iPhone
		{1CCEFB72-8604-4307-875F-93BB9F98BB5B}.Ad-Hoc|iPhone.ActiveCfg = Ad-Hoc|iPhone
		{1CCEFB72-8604-4307-875F-93BB9F98BB5B}.Ad-Hoc|iPhone.Build.0 = Ad-Hoc|iPhone
		{1CCEFB72-8604-4307-875F-93BB9F98BB5B}.Ad-Hoc|iPhoneSimulator.ActiveCfg = Ad-Hoc|iPhoneSimulator
		{1CCEFB72-8604-4307-875F-93BB9F98BB5B}.Ad-Hoc|iPhoneSimulator.Build.0 = Ad-Hoc|iPhoneSimulator
		{1CCEFB72-8604-4307-875F-93BB9F98BB5B}.AppStore|Any CPU.ActiveCfg = AppStore|iPhone
		{1CCEFB72-8604-4307-875F-93BB9F98BB5B}.AppStore|iPhone.ActiveCfg = AppStore|iPhone
		{1CCEFB72-8604-4307-875F-93BB9F98BB5B}.AppStore|iPhone.Build.0 = AppStore|iPhone
		{1CCEFB72-8604-4307-875F-93BB9F98BB5B}.AppStore|iPhoneSimulator.ActiveCfg = AppStore|iPhoneSimulator
		{1CCEFB72-8604-4307-875F-93BB9F98BB5B}.AppStore|iPhoneSimulator.Build.0 = AppStore|iPhoneSimulator
		{1CCEFB72-8604-4307-875F-93BB9F98BB5B}.Debug|Any CPU.ActiveCfg = Debug|iPhone
		{1CCEFB72-8604-4307-875F-93BB9F98BB5B}.Debug|iPhone.ActiveCfg = Debug|iPhone
		{1CCEFB72-8604-4307-875F-93BB9F98BB5B}.Debug|iPhone.Build.0 = Debug|iPhone
		{1CCEFB72-8604-4307-875F-93BB9F98BB5B}.Debug|iPhoneSimulator.ActiveCfg = Debug|iPhoneSimulator
		{1CCEFB72-8604-4307-875F-93BB9F98BB5B}.Debug|iPhoneSimulator.Build.0 = Debug|iPhoneSimulator
		{1CCEFB72-8604-4307-875F-93BB9F98BB5B}.Release|Any CPU.ActiveCfg = Release|iPhone
		{1CCEFB72-8604-4307-875F-93BB9F98BB5B}.Release|iPhone.ActiveCfg = Release|iPhone
		{1CCEFB72-8604-4307-875F-93BB9F98BB5B}.Release|iPhone.Build.0 = Release|iPhone
		{1CCEFB72-8604-4307-875F-93BB9F98BB5B}.Release|iPhoneSimulator.ActiveCfg = Release|iPhoneSimulator
		{1CCEFB72-8604-4307-875F-93BB9F98BB5B}.Release|iPhoneSimulator.Build.0 = Release|iPhoneSimulator
	EndGlobalSection
	GlobalSection(SolutionProperties) = preSolution
		HideSolutionNode = FALSE
	EndGlobalSection
EndGlobal
